
Microsoft Visual Studio Solution File, Format Version 12.00
# Visual Studio Version 16
VisualStudioVersion = 16.0.30011.22
MinimumVisualStudioVersion = 10.0.40219.1
Project("{FAE04EC0-301F-11D3-BF4B-00C04F79EFBC}") = "Pizza_tranzakciok", "Pizza_tranzakciok\Pizza_tranzakciok.csproj", "{524AC533-C8D4-4E3C-AEC9-F93CC8D1CCB2}"
EndProject
Global
	GlobalSection(SolutionConfigurationPlatforms) = preSolution
		Debug|Any CPU = Debug|Any CPU
		Release|Any CPU = Release|Any CPU
	EndGlobalSection
	GlobalSection(ProjectConfigurationPlatforms) = postSolution
		{524AC533-C8D4-4E3C-AEC9-F93CC8D1CCB2}.Debug|Any CPU.ActiveCfg = Debug|Any CPU
		{524AC533-C8D4-4E3C-AEC9-F93CC8D1CCB2}.Debug|Any CPU.Build.0 = Debug|Any CPU
		{524AC533-C8D4-4E3C-AEC9-F93CC8D1CCB2}.Release|Any CPU.ActiveCfg = Release|Any CPU
		{524AC533-C8D4-4E3C-AEC9-F93CC8D1CCB2}.Release|Any CPU.Build.0 = Release|Any CPU
	EndGlobalSection
	GlobalSection(SolutionProperties) = preSolution
		HideSolutionNode = FALSE
	EndGlobalSection
	GlobalSection(ExtensibilityGlobals) = postSolution
		SolutionGuid = {1105DDF4-8958-403B-9DC0-860F7D798237}
	EndGlobalSection
EndGlobal
